
Microsoft Visual Studio Solution File, Format Version 12.00
# Visual Studio Version 17
VisualStudioVersion = 17.4.33122.133
MinimumVisualStudioVersion = 10.0.40219.1
Project("{FAE04EC0-301F-11D3-BF4B-00C04F79EFBC}") = "CustomLoginAPI", "CustomLoginAPI\CustomLoginAPI.csproj", "{1C551985-F78C-43C9-AA54-F970D6E89363}"
EndProject
Project("{FAE04EC0-301F-11D3-BF4B-00C04F79EFBC}") = "CustomLoginBLL", "CustomLoginBLL\CustomLoginBLL.csproj", "{8F444A0F-3D5E-4683-A865-9123715CFB01}"
EndProject
Project("{FAE04EC0-301F-11D3-BF4B-00C04F79EFBC}") = "CustomLoginDAL", "CustomLoginDAL\CustomLoginDAL.csproj", "{228A8993-A505-4D0B-A04F-3539A2DAF32A}"
EndProject
Global
	GlobalSection(SolutionConfigurationPlatforms) = preSolution
		Debug|Any CPU = Debug|Any CPU
		Release|Any CPU = Release|Any CPU
	EndGlobalSection
	GlobalSection(ProjectConfigurationPlatforms) = postSolution
		{1C551985-F78C-43C9-AA54-F970D6E89363}.Debug|Any CPU.ActiveCfg = Debug|Any CPU
		{1C551985-F78C-43C9-AA54-F970D6E89363}.Debug|Any CPU.Build.0 = Debug|Any CPU
		{1C551985-F78C-43C9-AA54-F970D6E89363}.Release|Any CPU.ActiveCfg = Release|Any CPU
		{1C551985-F78C-43C9-AA54-F970D6E89363}.Release|Any CPU.Build.0 = Release|Any CPU
		{8F444A0F-3D5E-4683-A865-9123715CFB01}.Debug|Any CPU.ActiveCfg = Debug|Any CPU
		{8F444A0F-3D5E-4683-A865-9123715CFB01}.Debug|Any CPU.Build.0 = Debug|Any CPU
		{8F444A0F-3D5E-4683-A865-9123715CFB01}.Release|Any CPU.ActiveCfg = Release|Any CPU
		{8F444A0F-3D5E-4683-A865-9123715CFB01}.Release|Any CPU.Build.0 = Release|Any CPU
		{228A8993-A505-4D0B-A04F-3539A2DAF32A}.Debug|Any CPU.ActiveCfg = Debug|Any CPU
		{228A8993-A505-4D0B-A04F-3539A2DAF32A}.Debug|Any CPU.Build.0 = Debug|Any CPU
		{228A8993-A505-4D0B-A04F-3539A2DAF32A}.Release|Any CPU.ActiveCfg = Release|Any CPU
		{228A8993-A505-4D0B-A04F-3539A2DAF32A}.Release|Any CPU.Build.0 = Release|Any CPU
	EndGlobalSection
	GlobalSection(SolutionProperties) = preSolution
		HideSolutionNode = FALSE
	EndGlobalSection
	GlobalSection(ExtensibilityGlobals) = postSolution
		SolutionGuid = {A3A150D3-EC98-4674-A2E7-3279732FB675}
	EndGlobalSection
EndGlobal
