
Microsoft Visual Studio Solution File, Format Version 12.00
# Visual Studio Version 17
VisualStudioVersion = 17.4.33122.133
MinimumVisualStudioVersion = 10.0.40219.1
Project("{9A19103F-16F7-4668-BE54-9A1E7A4F7556}") = "Ecommerce.Server", "Ecommerce\Server\Ecommerce.Server.csproj", "{02234D85-DB7E-4DBA-AD82-C4E3DE395F32}"
EndProject
Project("{9A19103F-16F7-4668-BE54-9A1E7A4F7556}") = "Ecommerce.Client", "Ecommerce\Client\Ecommerce.Client.csproj", "{FB00D375-06E8-4B4D-B117-B352AFAB1BF4}"
EndProject
Project("{9A19103F-16F7-4668-BE54-9A1E7A4F7556}") = "Ecommerce.Shared", "Ecommerce\Shared\Ecommerce.Shared.csproj", "{76255774-7BDB-4BA7-A9DD-371E1BBB68A3}"
EndProject
Global
	GlobalSection(SolutionConfigurationPlatforms) = preSolution
		Debug|Any CPU = Debug|Any CPU
		Release|Any CPU = Release|Any CPU
	EndGlobalSection
	GlobalSection(ProjectConfigurationPlatforms) = postSolution
		{02234D85-DB7E-4DBA-AD82-C4E3DE395F32}.Debug|Any CPU.ActiveCfg = Debug|Any CPU
		{02234D85-DB7E-4DBA-AD82-C4E3DE395F32}.Debug|Any CPU.Build.0 = Debug|Any CPU
		{02234D85-DB7E-4DBA-AD82-C4E3DE395F32}.Release|Any CPU.ActiveCfg = Release|Any CPU
		{02234D85-DB7E-4DBA-AD82-C4E3DE395F32}.Release|Any CPU.Build.0 = Release|Any CPU
		{FB00D375-06E8-4B4D-B117-B352AFAB1BF4}.Debug|Any CPU.ActiveCfg = Debug|Any CPU
		{FB00D375-06E8-4B4D-B117-B352AFAB1BF4}.Debug|Any CPU.Build.0 = Debug|Any CPU
		{FB00D375-06E8-4B4D-B117-B352AFAB1BF4}.Release|Any CPU.ActiveCfg = Release|Any CPU
		{FB00D375-06E8-4B4D-B117-B352AFAB1BF4}.Release|Any CPU.Build.0 = Release|Any CPU
		{76255774-7BDB-4BA7-A9DD-371E1BBB68A3}.Debug|Any CPU.ActiveCfg = Debug|Any CPU
		{76255774-7BDB-4BA7-A9DD-371E1BBB68A3}.Debug|Any CPU.Build.0 = Debug|Any CPU
		{76255774-7BDB-4BA7-A9DD-371E1BBB68A3}.Release|Any CPU.ActiveCfg = Release|Any CPU
		{76255774-7BDB-4BA7-A9DD-371E1BBB68A3}.Release|Any CPU.Build.0 = Release|Any CPU
	EndGlobalSection
	GlobalSection(SolutionProperties) = preSolution
		HideSolutionNode = FALSE
	EndGlobalSection
	GlobalSection(ExtensibilityGlobals) = postSolution
		SolutionGuid = {B5CEDCC3-5AEC-4A62-811F-0F40ECA2BA9A}
	EndGlobalSection
EndGlobal
